
Microsoft Visual Studio Solution File, Format Version 12.00
# Visual Studio Version 17
VisualStudioVersion = 17.7.34031.279
MinimumVisualStudioVersion = 10.0.40219.1
Project("{FAE04EC0-301F-11D3-BF4B-00C04F79EFBC}") = "Website_API", "Website_API\Website_API.csproj", "{D9B2B0E7-A339-44B1-BDAB-02A945905190}"
EndProject
Global
	GlobalSection(SolutionConfigurationPlatforms) = preSolution
		Debug|Any CPU = Debug|Any CPU
		Release|Any CPU = Release|Any CPU
	EndGlobalSection
	GlobalSection(ProjectConfigurationPlatforms) = postSolution
		{D9B2B0E7-A339-44B1-BDAB-02A945905190}.Debug|Any CPU.ActiveCfg = Debug|Any CPU
		{D9B2B0E7-A339-44B1-BDAB-02A945905190}.Debug|Any CPU.Build.0 = Debug|Any CPU
		{D9B2B0E7-A339-44B1-BDAB-02A945905190}.Release|Any CPU.ActiveCfg = Release|Any CPU
		{D9B2B0E7-A339-44B1-BDAB-02A945905190}.Release|Any CPU.Build.0 = Release|Any CPU
	EndGlobalSection
	GlobalSection(SolutionProperties) = preSolution
		HideSolutionNode = FALSE
	EndGlobalSection
	GlobalSection(ExtensibilityGlobals) = postSolution
		SolutionGuid = {8EA38F0B-ABE3-4AB9-AEF8-AEF3B5235A63}
	EndGlobalSection
EndGlobal
